// !$*UTF8*$!
{
	archiveVersion = 1;
	classes = {
	};
	objectVersion = 50;
	objects = {

/* Begin PBXBuildFile section */
		622727706F65C9D2C05B478E /* Pods_sopkathon_iOS.framework in Frameworks */ = {isa = PBXBuildFile; fileRef = 2DC56D61692DBA75C8F17A0B /* Pods_sopkathon_iOS.framework */; };
		84BEBA19227EC10A0078609F /* AppDelegate.swift in Sources */ = {isa = PBXBuildFile; fileRef = 84BEBA18227EC10A0078609F /* AppDelegate.swift */; };
		84BEBA1B227EC10A0078609F /* MainVC.swift in Sources */ = {isa = PBXBuildFile; fileRef = 84BEBA1A227EC10A0078609F /* MainVC.swift */; };
		84BEBA1E227EC10A0078609F /* Main.storyboard in Resources */ = {isa = PBXBuildFile; fileRef = 84BEBA1C227EC10A0078609F /* Main.storyboard */; };
		84BEBA20227EC10D0078609F /* Assets.xcassets in Resources */ = {isa = PBXBuildFile; fileRef = 84BEBA1F227EC10D0078609F /* Assets.xcassets */; };
		84BEBA23227EC10D0078609F /* LaunchScreen.storyboard in Resources */ = {isa = PBXBuildFile; fileRef = 84BEBA21227EC10D0078609F /* LaunchScreen.storyboard */; };
		DC0E1C89227ECF2F00123A41 /* NetworkResults.swift in Sources */ = {isa = PBXBuildFile; fileRef = DC0E1C88227ECF2F00123A41 /* NetworkResults.swift */; };
		DC0E1C8B227ECF3500123A41 /* Status.swift in Sources */ = {isa = PBXBuildFile; fileRef = DC0E1C8A227ECF3500123A41 /* Status.swift */; };
		DC0E1C8D227ECF4000123A41 /* APIManager.swift in Sources */ = {isa = PBXBuildFile; fileRef = DC0E1C8C227ECF4000123A41 /* APIManager.swift */; };
		DC0E1C8F227ECF4C00123A41 /* Requestable.swift in Sources */ = {isa = PBXBuildFile; fileRef = DC0E1C8E227ECF4C00123A41 /* Requestable.swift */; };
		DC2C539D227EDA4900CEE369 /* UploadVC.swift in Sources */ = {isa = PBXBuildFile; fileRef = DC2C539C227EDA4900CEE369 /* UploadVC.swift */; };
		DC2C539F227EDA5600CEE369 /* ThirdTabVC.swift in Sources */ = {isa = PBXBuildFile; fileRef = DC2C539E227EDA5600CEE369 /* ThirdTabVC.swift */; };
		DC2C53A1227EDA5F00CEE369 /* MypageVC.swift in Sources */ = {isa = PBXBuildFile; fileRef = DC2C53A0227EDA5F00CEE369 /* MypageVC.swift */; };
/* End PBXBuildFile section */

/* Begin PBXFileReference section */
		02C24C8B875070E19E73C0D5 /* Pods-sopkathon-iOS.debug.xcconfig */ = {isa = PBXFileReference; includeInIndex = 1; lastKnownFileType = text.xcconfig; name = "Pods-sopkathon-iOS.debug.xcconfig"; path = "Pods/Target Support Files/Pods-sopkathon-iOS/Pods-sopkathon-iOS.debug.xcconfig"; sourceTree = "<group>"; };
		2DC56D61692DBA75C8F17A0B /* Pods_sopkathon_iOS.framework */ = {isa = PBXFileReference; explicitFileType = wrapper.framework; includeInIndex = 0; path = Pods_sopkathon_iOS.framework; sourceTree = BUILT_PRODUCTS_DIR; };
		809936A440B145D39E81CF66 /* Pods-sopkathon-iOS.release.xcconfig */ = {isa = PBXFileReference; includeInIndex = 1; lastKnownFileType = text.xcconfig; name = "Pods-sopkathon-iOS.release.xcconfig"; path = "Pods/Target Support Files/Pods-sopkathon-iOS/Pods-sopkathon-iOS.release.xcconfig"; sourceTree = "<group>"; };
		84BEBA15227EC10A0078609F /* sopkathon-iOS.app */ = {isa = PBXFileReference; explicitFileType = wrapper.application; includeInIndex = 0; path = "sopkathon-iOS.app"; sourceTree = BUILT_PRODUCTS_DIR; };
		84BEBA18227EC10A0078609F /* AppDelegate.swift */ = {isa = PBXFileReference; lastKnownFileType = sourcecode.swift; path = AppDelegate.swift; sourceTree = "<group>"; };
		84BEBA1A227EC10A0078609F /* MainVC.swift */ = {isa = PBXFileReference; lastKnownFileType = sourcecode.swift; path = MainVC.swift; sourceTree = "<group>"; };
		84BEBA1D227EC10A0078609F /* Base */ = {isa = PBXFileReference; lastKnownFileType = file.storyboard; name = Base; path = Base.lproj/Main.storyboard; sourceTree = "<group>"; };
		84BEBA1F227EC10D0078609F /* Assets.xcassets */ = {isa = PBXFileReference; lastKnownFileType = folder.assetcatalog; path = Assets.xcassets; sourceTree = "<group>"; };
		84BEBA22227EC10D0078609F /* Base */ = {isa = PBXFileReference; lastKnownFileType = file.storyboard; name = Base; path = Base.lproj/LaunchScreen.storyboard; sourceTree = "<group>"; };
		84BEBA24227EC10D0078609F /* Info.plist */ = {isa = PBXFileReference; lastKnownFileType = text.plist.xml; path = Info.plist; sourceTree = "<group>"; };
		DC0E1C88227ECF2F00123A41 /* NetworkResults.swift */ = {isa = PBXFileReference; lastKnownFileType = sourcecode.swift; path = NetworkResults.swift; sourceTree = "<group>"; };
		DC0E1C8A227ECF3500123A41 /* Status.swift */ = {isa = PBXFileReference; lastKnownFileType = sourcecode.swift; path = Status.swift; sourceTree = "<group>"; };
		DC0E1C8C227ECF4000123A41 /* APIManager.swift */ = {isa = PBXFileReference; lastKnownFileType = sourcecode.swift; path = APIManager.swift; sourceTree = "<group>"; };
		DC0E1C8E227ECF4C00123A41 /* Requestable.swift */ = {isa = PBXFileReference; lastKnownFileType = sourcecode.swift; path = Requestable.swift; sourceTree = "<group>"; };
		DC2C539C227EDA4900CEE369 /* UploadVC.swift */ = {isa = PBXFileReference; lastKnownFileType = sourcecode.swift; path = UploadVC.swift; sourceTree = "<group>"; };
		DC2C539E227EDA5600CEE369 /* ThirdTabVC.swift */ = {isa = PBXFileReference; lastKnownFileType = sourcecode.swift; path = ThirdTabVC.swift; sourceTree = "<group>"; };
		DC2C53A0227EDA5F00CEE369 /* MypageVC.swift */ = {isa = PBXFileReference; lastKnownFileType = sourcecode.swift; path = MypageVC.swift; sourceTree = "<group>"; };
/* End PBXFileReference section */

/* Begin PBXFrameworksBuildPhase section */
		84BEBA12227EC10A0078609F /* Frameworks */ = {
			isa = PBXFrameworksBuildPhase;
			buildActionMask = 2147483647;
			files = (
				622727706F65C9D2C05B478E /* Pods_sopkathon_iOS.framework in Frameworks */,
			);
			runOnlyForDeploymentPostprocessing = 0;
		};
/* End PBXFrameworksBuildPhase section */

/* Begin PBXGroup section */
		02F4937CAFB19E43C07D0632 /* Frameworks */ = {
			isa = PBXGroup;
			children = (
				2DC56D61692DBA75C8F17A0B /* Pods_sopkathon_iOS.framework */,
			);
			name = Frameworks;
			sourceTree = "<group>";
		};
		5FE78F13BA1D98BEC076856C /* Pods */ = {
			isa = PBXGroup;
			children = (
				02C24C8B875070E19E73C0D5 /* Pods-sopkathon-iOS.debug.xcconfig */,
				809936A440B145D39E81CF66 /* Pods-sopkathon-iOS.release.xcconfig */,
			);
			name = Pods;
			sourceTree = "<group>";
		};
		84BEBA0C227EC10A0078609F = {
			isa = PBXGroup;
			children = (
				84BEBA17227EC10A0078609F /* sopkathon-iOS */,
				84BEBA16227EC10A0078609F /* Products */,
				5FE78F13BA1D98BEC076856C /* Pods */,
				02F4937CAFB19E43C07D0632 /* Frameworks */,
			);
			sourceTree = "<group>";
		};
		84BEBA16227EC10A0078609F /* Products */ = {
			isa = PBXGroup;
			children = (
				84BEBA15227EC10A0078609F /* sopkathon-iOS.app */,
			);
			name = Products;
			sourceTree = "<group>";
		};
		84BEBA17227EC10A0078609F /* sopkathon-iOS */ = {
			isa = PBXGroup;
			children = (
				DC2C539B227EDA2200CEE369 /* ViewControllers */,
				DC0E1C87227ECF0000123A41 /* APIManager */,
				84BEBA31227ECBCA0078609F /* Jaeeun */,
				84BEBA30227ECBC10078609F /* Sohyun */,
				84BEBA2F227ECBBB0078609F /* Choyi */,
				84BEBA18227EC10A0078609F /* AppDelegate.swift */,
				84BEBA1C227EC10A0078609F /* Main.storyboard */,
				84BEBA1F227EC10D0078609F /* Assets.xcassets */,
				84BEBA21227EC10D0078609F /* LaunchScreen.storyboard */,
				84BEBA24227EC10D0078609F /* Info.plist */,
			);
			path = "sopkathon-iOS";
			sourceTree = "<group>";
		};
		84BEBA2F227ECBBB0078609F /* Choyi */ = {
			isa = PBXGroup;
			children = (
			);
			path = Choyi;
			sourceTree = "<group>";
		};
		84BEBA30227ECBC10078609F /* Sohyun */ = {
			isa = PBXGroup;
			children = (
			);
			path = Sohyun;
			sourceTree = "<group>";
		};
		84BEBA31227ECBCA0078609F /* Jaeeun */ = {
			isa = PBXGroup;
			children = (
			);
			path = Jaeeun;
			sourceTree = "<group>";
		};
		DC0E1C87227ECF0000123A41 /* APIManager */ = {
			isa = PBXGroup;
			children = (
				DC0E1C88227ECF2F00123A41 /* NetworkResults.swift */,
				DC0E1C8A227ECF3500123A41 /* Status.swift */,
				DC0E1C8C227ECF4000123A41 /* APIManager.swift */,
				DC0E1C8E227ECF4C00123A41 /* Requestable.swift */,
			);
			path = APIManager;
			sourceTree = "<group>";
		};
		DC2C539B227EDA2200CEE369 /* ViewControllers */ = {
			isa = PBXGroup;
			children = (
				84BEBA1A227EC10A0078609F /* MainVC.swift */,
				DC2C539C227EDA4900CEE369 /* UploadVC.swift */,
				DC2C539E227EDA5600CEE369 /* ThirdTabVC.swift */,
				DC2C53A0227EDA5F00CEE369 /* MypageVC.swift */,
			);
			path = ViewControllers;
			sourceTree = "<group>";
		};
/* End PBXGroup section */

/* Begin PBXNativeTarget section */
		84BEBA14227EC10A0078609F /* sopkathon-iOS */ = {
			isa = PBXNativeTarget;
			buildConfigurationList = 84BEBA27227EC10D0078609F /* Build configuration list for PBXNativeTarget "sopkathon-iOS" */;
			buildPhases = (
				7AB95A823FD52F226BBC2242 /* [CP] Check Pods Manifest.lock */,
				84BEBA11227EC10A0078609F /* Sources */,
				84BEBA12227EC10A0078609F /* Frameworks */,
				84BEBA13227EC10A0078609F /* Resources */,
				9C26D7E1CAEFA2FB3A1406B6 /* [CP] Embed Pods Frameworks */,
			);
			buildRules = (
			);
			dependencies = (
			);
			name = "sopkathon-iOS";
			productName = "sopkathon-iOS";
			productReference = 84BEBA15227EC10A0078609F /* sopkathon-iOS.app */;
			productType = "com.apple.product-type.application";
		};
/* End PBXNativeTarget section */

/* Begin PBXProject section */
		84BEBA0D227EC10A0078609F /* Project object */ = {
			isa = PBXProject;
			attributes = {
				LastSwiftUpdateCheck = 1010;
				LastUpgradeCheck = 1010;
				ORGANIZATIONNAME = choyi;
				TargetAttributes = {
					84BEBA14227EC10A0078609F = {
						CreatedOnToolsVersion = 10.1;
					};
				};
			};
			buildConfigurationList = 84BEBA10227EC10A0078609F /* Build configuration list for PBXProject "sopkathon-iOS" */;
			compatibilityVersion = "Xcode 9.3";
			developmentRegion = en;
			hasScannedForEncodings = 0;
			knownRegions = (
				en,
				Base,
			);
			mainGroup = 84BEBA0C227EC10A0078609F;
			productRefGroup = 84BEBA16227EC10A0078609F /* Products */;
			projectDirPath = "";
			projectRoot = "";
			targets = (
				84BEBA14227EC10A0078609F /* sopkathon-iOS */,
			);
		};
/* End PBXProject section */

/* Begin PBXResourcesBuildPhase section */
		84BEBA13227EC10A0078609F /* Resources */ = {
			isa = PBXResourcesBuildPhase;
			buildActionMask = 2147483647;
			files = (
				84BEBA23227EC10D0078609F /* LaunchScreen.storyboard in Resources */,
				84BEBA20227EC10D0078609F /* Assets.xcassets in Resources */,
				84BEBA1E227EC10A0078609F /* Main.storyboard in Resources */,
			);
			runOnlyForDeploymentPostprocessing = 0;
		};
/* End PBXResourcesBuildPhase section */

/* Begin PBXShellScriptBuildPhase section */
		7AB95A823FD52F226BBC2242 /* [CP] Check Pods Manifest.lock */ = {
			isa = PBXShellScriptBuildPhase;
			buildActionMask = 2147483647;
			files = (
			);
			inputFileListPaths = (
			);
			inputPaths = (
				"${PODS_PODFILE_DIR_PATH}/Podfile.lock",
				"${PODS_ROOT}/Manifest.lock",
			);
			name = "[CP] Check Pods Manifest.lock";
			outputFileListPaths = (
			);
			outputPaths = (
				"$(DERIVED_FILE_DIR)/Pods-sopkathon-iOS-checkManifestLockResult.txt",
			);
			runOnlyForDeploymentPostprocessing = 0;
			shellPath = /bin/sh;
			shellScript = "diff \"${PODS_PODFILE_DIR_PATH}/Podfile.lock\" \"${PODS_ROOT}/Manifest.lock\" > /dev/null\nif [ $? != 0 ] ; then\n    # print error to STDERR\n    echo \"error: The sandbox is not in sync with the Podfile.lock. Run 'pod install' or update your CocoaPods installation.\" >&2\n    exit 1\nfi\n# This output is used by Xcode 'outputs' to avoid re-running this script phase.\necho \"SUCCESS\" > \"${SCRIPT_OUTPUT_FILE_0}\"\n";
			showEnvVarsInLog = 0;
		};
		9C26D7E1CAEFA2FB3A1406B6 /* [CP] Embed Pods Frameworks */ = {
			isa = PBXShellScriptBuildPhase;
			buildActionMask = 2147483647;
			files = (
			);
			inputFileListPaths = (
			);
			inputPaths = (
				"${SRCROOT}/Pods/Target Support Files/Pods-sopkathon-iOS/Pods-sopkathon-iOS-frameworks.sh",
				"${BUILT_PRODUCTS_DIR}/Alamofire/Alamofire.framework",
				"${BUILT_PRODUCTS_DIR}/AlamofireObjectMapper/AlamofireObjectMapper.framework",
				"${BUILT_PRODUCTS_DIR}/Kingfisher/Kingfisher.framework",
				"${BUILT_PRODUCTS_DIR}/ObjectMapper/ObjectMapper.framework",
			);
			name = "[CP] Embed Pods Frameworks";
			outputFileListPaths = (
			);
			outputPaths = (
				"${TARGET_BUILD_DIR}/${FRAMEWORKS_FOLDER_PATH}/Alamofire.framework",
				"${TARGET_BUILD_DIR}/${FRAMEWORKS_FOLDER_PATH}/AlamofireObjectMapper.framework",
				"${TARGET_BUILD_DIR}/${FRAMEWORKS_FOLDER_PATH}/Kingfisher.framework",
				"${TARGET_BUILD_DIR}/${FRAMEWORKS_FOLDER_PATH}/ObjectMapper.framework",
			);
			runOnlyForDeploymentPostprocessing = 0;
			shellPath = /bin/sh;
			shellScript = "\"${SRCROOT}/Pods/Target Support Files/Pods-sopkathon-iOS/Pods-sopkathon-iOS-frameworks.sh\"\n";
			showEnvVarsInLog = 0;
		};
/* End PBXShellScriptBuildPhase section */

/* Begin PBXSourcesBuildPhase section */
		84BEBA11227EC10A0078609F /* Sources */ = {
			isa = PBXSourcesBuildPhase;
			buildActionMask = 2147483647;
			files = (
				84BEBA1B227EC10A0078609F /* MainVC.swift in Sources */,
				DC0E1C89227ECF2F00123A41 /* NetworkResults.swift in Sources */,
				DC0E1C8D227ECF4000123A41 /* APIManager.swift in Sources */,
				DC2C53A1227EDA5F00CEE369 /* MypageVC.swift in Sources */,
				DC0E1C8F227ECF4C00123A41 /* Requestable.swift in Sources */,
				84BEBA19227EC10A0078609F /* AppDelegate.swift in Sources */,
				DC0E1C8B227ECF3500123A41 /* Status.swift in Sources */,
				DC2C539F227EDA5600CEE369 /* ThirdTabVC.swift in Sources */,
				DC2C539D227EDA4900CEE369 /* UploadVC.swift in Sources */,
			);
			runOnlyForDeploymentPostprocessing = 0;
		};
/* End PBXSourcesBuildPhase section */

/* Begin PBXVariantGroup section */
		84BEBA1C227EC10A0078609F /* Main.storyboard */ = {
			isa = PBXVariantGroup;
			children = (
				84BEBA1D227EC10A0078609F /* Base */,
			);
			name = Main.storyboard;
			sourceTree = "<group>";
		};
		84BEBA21227EC10D0078609F /* LaunchScreen.storyboard */ = {
			isa = PBXVariantGroup;
			children = (
				84BEBA22227EC10D0078609F /* Base */,
			);
			name = LaunchScreen.storyboard;
			sourceTree = "<group>";
		};
/* End PBXVariantGroup section */

/* Begin XCBuildConfiguration section */
		84BEBA25227EC10D0078609F /* Debug */ = {
			isa = XCBuildConfiguration;
			buildSettings = {
				ALWAYS_SEARCH_USER_PATHS = NO;
				CLANG_ANALYZER_NONNULL = YES;
				CLANG_ANALYZER_NUMBER_OBJECT_CONVERSION = YES_AGGRESSIVE;
				CLANG_CXX_LANGUAGE_STANDARD = "gnu++14";
				CLANG_CXX_LIBRARY = "libc++";
				CLANG_ENABLE_MODULES = YES;
				CLANG_ENABLE_OBJC_ARC = YES;
				CLANG_ENABLE_OBJC_WEAK = YES;
				CLANG_WARN_BLOCK_CAPTURE_AUTORELEASING = YES;
				CLANG_WARN_BOOL_CONVERSION = YES;
				CLANG_WARN_COMMA = YES;
				CLANG_WARN_CONSTANT_CONVERSION = YES;
				CLANG_WARN_DEPRECATED_OBJC_IMPLEMENTATIONS = YES;
				CLANG_WARN_DIRECT_OBJC_ISA_USAGE = YES_ERROR;
				CLANG_WARN_DOCUMENTATION_COMMENTS = YES;
				CLANG_WARN_EMPTY_BODY = YES;
				CLANG_WARN_ENUM_CONVERSION = YES;
				CLANG_WARN_INFINITE_RECURSION = YES;
				CLANG_WARN_INT_CONVERSION = YES;
				CLANG_WARN_NON_LITERAL_NULL_CONVERSION = YES;
				CLANG_WARN_OBJC_IMPLICIT_RETAIN_SELF = YES;
				CLANG_WARN_OBJC_LITERAL_CONVERSION = YES;
				CLANG_WARN_OBJC_ROOT_CLASS = YES_ERROR;
				CLANG_WARN_RANGE_LOOP_ANALYSIS = YES;
				CLANG_WARN_STRICT_PROTOTYPES = YES;
				CLANG_WARN_SUSPICIOUS_MOVE = YES;
				CLANG_WARN_UNGUARDED_AVAILABILITY = YES_AGGRESSIVE;
				CLANG_WARN_UNREACHABLE_CODE = YES;
				CLANG_WARN__DUPLICATE_METHOD_MATCH = YES;
				CODE_SIGN_IDENTITY = "iPhone Developer";
				COPY_PHASE_STRIP = NO;
				DEBUG_INFORMATION_FORMAT = dwarf;
				ENABLE_STRICT_OBJC_MSGSEND = YES;
				ENABLE_TESTABILITY = YES;
				GCC_C_LANGUAGE_STANDARD = gnu11;
				GCC_DYNAMIC_NO_PIC = NO;
				GCC_NO_COMMON_BLOCKS = YES;
				GCC_OPTIMIZATION_LEVEL = 0;
				GCC_PREPROCESSOR_DEFINITIONS = (
					"DEBUG=1",
					"$(inherited)",
				);
				GCC_WARN_64_TO_32_BIT_CONVERSION = YES;
				GCC_WARN_ABOUT_RETURN_TYPE = YES_ERROR;
				GCC_WARN_UNDECLARED_SELECTOR = YES;
				GCC_WARN_UNINITIALIZED_AUTOS = YES_AGGRESSIVE;
				GCC_WARN_UNUSED_FUNCTION = YES;
				GCC_WARN_UNUSED_VARIABLE = YES;
				IPHONEOS_DEPLOYMENT_TARGET = 12.1;
				MTL_ENABLE_DEBUG_INFO = INCLUDE_SOURCE;
				MTL_FAST_MATH = YES;
				ONLY_ACTIVE_ARCH = YES;
				SDKROOT = iphoneos;
				SWIFT_ACTIVE_COMPILATION_CONDITIONS = DEBUG;
				SWIFT_OPTIMIZATION_LEVEL = "-Onone";
			};
			name = Debug;
		};
		84BEBA26227EC10D0078609F /* Release */ = {
			isa = XCBuildConfiguration;
			buildSettings = {
				ALWAYS_SEARCH_USER_PATHS = NO;
				CLANG_ANALYZER_NONNULL = YES;
				CLANG_ANALYZER_NUMBER_OBJECT_CONVERSION = YES_AGGRESSIVE;
				CLANG_CXX_LANGUAGE_STANDARD = "gnu++14";
				CLANG_CXX_LIBRARY = "libc++";
				CLANG_ENABLE_MODULES = YES;
				CLANG_ENABLE_OBJC_ARC = YES;
				CLANG_ENABLE_OBJC_WEAK = YES;
				CLANG_WARN_BLOCK_CAPTURE_AUTORELEASING = YES;
				CLANG_WARN_BOOL_CONVERSION = YES;
				CLANG_WARN_COMMA = YES;
				CLANG_WARN_CONSTANT_CONVERSION = YES;
				CLANG_WARN_DEPRECATED_OBJC_IMPLEMENTATIONS = YES;
				CLANG_WARN_DIRECT_OBJC_ISA_USAGE = YES_ERROR;
				CLANG_WARN_DOCUMENTATION_COMMENTS = YES;
				CLANG_WARN_EMPTY_BODY = YES;
				CLANG_WARN_ENUM_CONVERSION = YES;
				CLANG_WARN_INFINITE_RECURSION = YES;
				CLANG_WARN_INT_CONVERSION = YES;
				CLANG_WARN_NON_LITERAL_NULL_CONVERSION = YES;
				CLANG_WARN_OBJC_IMPLICIT_RETAIN_SELF = YES;
				CLANG_WARN_OBJC_LITERAL_CONVERSION = YES;
				CLANG_WARN_OBJC_ROOT_CLASS = YES_ERROR;
				CLANG_WARN_RANGE_LOOP_ANALYSIS = YES;
				CLANG_WARN_STRICT_PROTOTYPES = YES;
				CLANG_WARN_SUSPICIOUS_MOVE = YES;
				CLANG_WARN_UNGUARDED_AVAILABILITY = YES_AGGRESSIVE;
				CLANG_WARN_UNREACHABLE_CODE = YES;
				CLANG_WARN__DUPLICATE_METHOD_MATCH = YES;
				CODE_SIGN_IDENTITY = "iPhone Developer";
				COPY_PHASE_STRIP = NO;
				DEBUG_INFORMATION_FORMAT = "dwarf-with-dsym";
				ENABLE_NS_ASSERTIONS = NO;
				ENABLE_STRICT_OBJC_MSGSEND = YES;
				GCC_C_LANGUAGE_STANDARD = gnu11;
				GCC_NO_COMMON_BLOCKS = YES;
				GCC_WARN_64_TO_32_BIT_CONVERSION = YES;
				GCC_WARN_ABOUT_RETURN_TYPE = YES_ERROR;
				GCC_WARN_UNDECLARED_SELECTOR = YES;
				GCC_WARN_UNINITIALIZED_AUTOS = YES_AGGRESSIVE;
				GCC_WARN_UNUSED_FUNCTION = YES;
				GCC_WARN_UNUSED_VARIABLE = YES;
				IPHONEOS_DEPLOYMENT_TARGET = 12.1;
				MTL_ENABLE_DEBUG_INFO = NO;
				MTL_FAST_MATH = YES;
				SDKROOT = iphoneos;
				SWIFT_COMPILATION_MODE = wholemodule;
				SWIFT_OPTIMIZATION_LEVEL = "-O";
				VALIDATE_PRODUCT = YES;
			};
			name = Release;
		};
		84BEBA28227EC10D0078609F /* Debug */ = {
			isa = XCBuildConfiguration;
			baseConfigurationReference = 02C24C8B875070E19E73C0D5 /* Pods-sopkathon-iOS.debug.xcconfig */;
			buildSettings = {
				ASSETCATALOG_COMPILER_APPICON_NAME = AppIcon;
				CODE_SIGN_STYLE = Automatic;
				DEVELOPMENT_TEAM = 356TMGTX7W;
				INFOPLIST_FILE = "sopkathon-iOS/Info.plist";
				LD_RUNPATH_SEARCH_PATHS = (
					"$(inherited)",
					"@executable_path/Frameworks",
				);
				PRODUCT_BUNDLE_IDENTIFIER = "com.choyi.sopkathon-iOS";
				PRODUCT_NAME = "$(TARGET_NAME)";
				SWIFT_VERSION = 4.2;
				TARGETED_DEVICE_FAMILY = "1,2";
			};
			name = Debug;
		};
		84BEBA29227EC10D0078609F /* Release */ = {
			isa = XCBuildConfiguration;
			baseConfigurationReference = 809936A440B145D39E81CF66 /* Pods-sopkathon-iOS.release.xcconfig */;
			buildSettings = {
				ASSETCATALOG_COMPILER_APPICON_NAME = AppIcon;
				CODE_SIGN_STYLE = Automatic;
				DEVELOPMENT_TEAM = 356TMGTX7W;
				INFOPLIST_FILE = "sopkathon-iOS/Info.plist";
				LD_RUNPATH_SEARCH_PATHS = (
					"$(inherited)",
					"@executable_path/Frameworks",
				);
				PRODUCT_BUNDLE_IDENTIFIER = "com.choyi.sopkathon-iOS";
				PRODUCT_NAME = "$(TARGET_NAME)";
				SWIFT_VERSION = 4.2;
				TARGETED_DEVICE_FAMILY = "1,2";
			};
			name = Release;
		};
/* End XCBuildConfiguration section */

/* Begin XCConfigurationList section */
		84BEBA10227EC10A0078609F /* Build configuration list for PBXProject "sopkathon-iOS" */ = {
			isa = XCConfigurationList;
			buildConfigurations = (
				84BEBA25227EC10D0078609F /* Debug */,
				84BEBA26227EC10D0078609F /* Release */,
			);
			defaultConfigurationIsVisible = 0;
			defaultConfigurationName = Release;
		};
		84BEBA27227EC10D0078609F /* Build configuration list for PBXNativeTarget "sopkathon-iOS" */ = {
			isa = XCConfigurationList;
			buildConfigurations = (
				84BEBA28227EC10D0078609F /* Debug */,
				84BEBA29227EC10D0078609F /* Release */,
			);
			defaultConfigurationIsVisible = 0;
			defaultConfigurationName = Release;
		};
/* End XCConfigurationList section */
	};
	rootObject = 84BEBA0D227EC10A0078609F /* Project object */;
}
